
Microsoft Visual Studio Solution File, Format Version 12.00
# Visual Studio Version 17
VisualStudioVersion = 17.0.31903.59
MinimumVisualStudioVersion = 10.0.40219.1
Project("{FAE04EC0-301F-11D3-BF4B-00C04F79EFBC}") = "StardustDefender.WindowsDX", "StardustDefender\StardustDefender.WindowsDX.csproj", "{A7ED6C33-071F-4ADD-9206-F3FD89CB9233}"
EndProject
Global
	GlobalSection(SolutionConfigurationPlatforms) = preSolution
		Debug|Any CPU = Debug|Any CPU
		Release|Any CPU = Release|Any CPU
	EndGlobalSection
	GlobalSection(SolutionProperties) = preSolution
		HideSolutionNode = FALSE
	EndGlobalSection
	GlobalSection(ProjectConfigurationPlatforms) = postSolution
		{A7ED6C33-071F-4ADD-9206-F3FD89CB9233}.Debug|Any CPU.ActiveCfg = Debug|Any CPU
		{A7ED6C33-071F-4ADD-9206-F3FD89CB9233}.Debug|Any CPU.Build.0 = Debug|Any CPU
		{A7ED6C33-071F-4ADD-9206-F3FD89CB9233}.Release|Any CPU.ActiveCfg = Release|Any CPU
		{A7ED6C33-071F-4ADD-9206-F3FD89CB9233}.Release|Any CPU.Build.0 = Release|Any CPU
	EndGlobalSection
EndGlobal
